{
  "name": "react-adobe-embed",
  "version": "0.8.69",
  "lockfileVersion": 2,
  "requires": true,
  "packages": {
    "": {
      "name": "react-adobe-embed",
      "version": "0.8.69",
      "license": "MIT",
      "dependencies": {
        "@types/lodash": "^4.14.186",
        "lodash": "^4.17.21"
      },
      "devDependencies": {
        "@types/node": "^18.11.7",
        "@types/react": "^18.0.23",
        "@types/react-dom": "^18.0.7",
        "@types/typescript": "^2.0.0",
        "typescript": "^4.8.4"
      }
    },
    "node_modules/@types/lodash": {
      "version": "4.14.186",
      "resolved": "https://registry.npmjs.org/@types/lodash/-/lodash-4.14.186.tgz",
      "integrity": "sha512-eHcVlLXP0c2FlMPm56ITode2AgLMSa6aJ05JTTbYbI+7EMkCEE5qk2E41d5g2lCVTqRe0GnnRFurmlCsDODrPw=="
    },
    "node_modules/@types/node": {
      "version": "18.11.7",
      "resolved": "https://registry.npmjs.org/@types/node/-/node-18.11.7.tgz",
      "integrity": "sha512-LhFTglglr63mNXUSRYD8A+ZAIu5sFqNJ4Y2fPuY7UlrySJH87rRRlhtVmMHplmfk5WkoJGmDjE9oiTfyX94CpQ==",
      "dev": true
    },
    "node_modules/@types/prop-types": {
      "version": "15.7.5",
      "resolved": "https://registry.npmjs.org/@types/prop-types/-/prop-types-15.7.5.tgz",
      "integrity": "sha512-JCB8C6SnDoQf0cNycqd/35A7MjcnK+ZTqE7judS6o7utxUCg6imJg3QK2qzHKszlTjcj2cn+NwMB2i96ubpj7w==",
      "dev": true
    },
    "node_modules/@types/react": {
      "version": "18.0.23",
      "resolved": "https://registry.npmjs.org/@types/react/-/react-18.0.23.tgz",
      "integrity": "sha512-R1wTULtCiJkudAN2DJGoYYySbGtOdzZyUWAACYinKdiQC8auxso4kLDUhQ7AJ2kh3F6A6z4v69U6tNY39hihVQ==",
      "dev": true,
      "dependencies": {
        "@types/prop-types": "*",
        "@types/scheduler": "*",
        "csstype": "^3.0.2"
      }
    },
    "node_modules/@types/react-dom": {
      "version": "18.0.7",
      "resolved": "https://registry.npmjs.org/@types/react-dom/-/react-dom-18.0.7.tgz",
      "integrity": "sha512-HaXc+BbqAZE1RdsK3tC8SbkFy6UL2xF76lT9rQs5JkPrJg3rWA3Ou/Lhw3YJQzEDkBpmJ79nBsfnd05WrBd2QQ==",
      "dev": true,
      "dependencies": {
        "@types/react": "*"
      }
    },
    "node_modules/@types/scheduler": {
      "version": "0.16.2",
      "resolved": "https://registry.npmjs.org/@types/scheduler/-/scheduler-0.16.2.tgz",
      "integrity": "sha512-hppQEBDmlwhFAXKJX2KnWLYu5yMfi91yazPb2l+lbJiwW+wdo1gNeRA+3RgNSO39WYX2euey41KEwnqesU2Jew==",
      "dev": true
    },
    "node_modules/@types/typescript": {
      "version": "2.0.0",
      "resolved": "https://registry.npmjs.org/@types/typescript/-/typescript-2.0.0.tgz",
      "integrity": "sha512-WMEWfMISiJ2QKyk5/dSdgL0ZwP//PZj0jmDU0hMh51FmLq4WIYzjlngsUQZXejQL+QtkXJUOGjb3G3UCvgZuSQ==",
      "deprecated": "This is a stub types definition for TypeScript (https://github.com/Microsoft/TypeScript). TypeScript provides its own type definitions, so you don't need @types/typescript installed!",
      "dev": true,
      "dependencies": {
        "typescript": "*"
      }
    },
    "node_modules/csstype": {
      "version": "3.1.1",
      "resolved": "https://registry.npmjs.org/csstype/-/csstype-3.1.1.tgz",
      "integrity": "sha512-DJR/VvkAvSZW9bTouZue2sSxDwdTN92uHjqeKVm+0dAqdfNykRzQ95tay8aXMBAAPpUiq4Qcug2L7neoRh2Egw==",
      "dev": true
    },
    "node_modules/lodash": {
      "version": "4.17.21",
      "resolved": "https://registry.npmjs.org/lodash/-/lodash-4.17.21.tgz",
      "integrity": "sha512-v2kDEe57lecTulaDIuNTPy3Ry4gLGJ6Z1O3vE1krgXZNrsQ+LFTGHVxVjcXPs17LhbZVGedAJv8XZ1tvj5FvSg=="
    },
    "node_modules/typescript": {
      "version": "4.8.4",
      "resolved": "https://registry.npmjs.org/typescript/-/typescript-4.8.4.tgz",
      "integrity": "sha512-QCh+85mCy+h0IGff8r5XWzOVSbBO+KfeYrMQh7NJ58QujwcE22u+NUSmUxqF+un70P9GXKxa2HCNiTTMJknyjQ==",
      "dev": true,
      "bin": {
        "tsc": "bin/tsc",
        "tsserver": "bin/tsserver"
      },
      "engines": {
        "node": ">=4.2.0"
      }
    }
  },
  "dependencies": {
    "@types/lodash": {
      "version": "4.14.186",
      "resolved": "https://registry.npmjs.org/@types/lodash/-/lodash-4.14.186.tgz",
      "integrity": "sha512-eHcVlLXP0c2FlMPm56ITode2AgLMSa6aJ05JTTbYbI+7EMkCEE5qk2E41d5g2lCVTqRe0GnnRFurmlCsDODrPw=="
    },
    "@types/node": {
      "version": "18.11.7",
      "resolved": "https://registry.npmjs.org/@types/node/-/node-18.11.7.tgz",
      "integrity": "sha512-LhFTglglr63mNXUSRYD8A+ZAIu5sFqNJ4Y2fPuY7UlrySJH87rRRlhtVmMHplmfk5WkoJGmDjE9oiTfyX94CpQ==",
      "dev": true
    },
    "@types/prop-types": {
      "version": "15.7.5",
      "resolved": "https://registry.npmjs.org/@types/prop-types/-/prop-types-15.7.5.tgz",
      "integrity": "sha512-JCB8C6SnDoQf0cNycqd/35A7MjcnK+ZTqE7judS6o7utxUCg6imJg3QK2qzHKszlTjcj2cn+NwMB2i96ubpj7w==",
      "dev": true
    },
    "@types/react": {
      "version": "18.0.23",
      "resolved": "https://registry.npmjs.org/@types/react/-/react-18.0.23.tgz",
      "integrity": "sha512-R1wTULtCiJkudAN2DJGoYYySbGtOdzZyUWAACYinKdiQC8auxso4kLDUhQ7AJ2kh3F6A6z4v69U6tNY39hihVQ==",
      "dev": true,
      "requires": {
        "@types/prop-types": "*",
        "@types/scheduler": "*",
        "csstype": "^3.0.2"
      }
    },
    "@types/react-dom": {
      "version": "18.0.7",
      "resolved": "https://registry.npmjs.org/@types/react-dom/-/react-dom-18.0.7.tgz",
      "integrity": "sha512-HaXc+BbqAZE1RdsK3tC8SbkFy6UL2xF76lT9rQs5JkPrJg3rWA3Ou/Lhw3YJQzEDkBpmJ79nBsfnd05WrBd2QQ==",
      "dev": true,
      "requires": {
        "@types/react": "*"
      }
    },
    "@types/scheduler": {
      "version": "0.16.2",
      "resolved": "https://registry.npmjs.org/@types/scheduler/-/scheduler-0.16.2.tgz",
      "integrity": "sha512-hppQEBDmlwhFAXKJX2KnWLYu5yMfi91yazPb2l+lbJiwW+wdo1gNeRA+3RgNSO39WYX2euey41KEwnqesU2Jew==",
      "dev": true
    },
    "@types/typescript": {
      "version": "2.0.0",
      "resolved": "https://registry.npmjs.org/@types/typescript/-/typescript-2.0.0.tgz",
      "integrity": "sha512-WMEWfMISiJ2QKyk5/dSdgL0ZwP//PZj0jmDU0hMh51FmLq4WIYzjlngsUQZXejQL+QtkXJUOGjb3G3UCvgZuSQ==",
      "dev": true,
      "requires": {
        "typescript": "*"
      }
    },
    "csstype": {
      "version": "3.1.1",
      "resolved": "https://registry.npmjs.org/csstype/-/csstype-3.1.1.tgz",
      "integrity": "sha512-DJR/VvkAvSZW9bTouZue2sSxDwdTN92uHjqeKVm+0dAqdfNykRzQ95tay8aXMBAAPpUiq4Qcug2L7neoRh2Egw==",
      "dev": true
    },
    "lodash": {
      "version": "4.17.21",
      "resolved": "https://registry.npmjs.org/lodash/-/lodash-4.17.21.tgz",
      "integrity": "sha512-v2kDEe57lecTulaDIuNTPy3Ry4gLGJ6Z1O3vE1krgXZNrsQ+LFTGHVxVjcXPs17LhbZVGedAJv8XZ1tvj5FvSg=="
    },
    "typescript": {
      "version": "4.8.4",
      "resolved": "https://registry.npmjs.org/typescript/-/typescript-4.8.4.tgz",
      "integrity": "sha512-QCh+85mCy+h0IGff8r5XWzOVSbBO+KfeYrMQh7NJ58QujwcE22u+NUSmUxqF+un70P9GXKxa2HCNiTTMJknyjQ==",
      "dev": true
    }
  }
}
